// !$*UTF8*$!
{
	archiveVersion = 1;
	classes = {
	};
	objectVersion = 51;
	objects = {

/* Begin PBXBuildFile section */
		5F7082B31DD44B85B09EB100 /* Pods_findIt.framework in Frameworks */ = {isa = PBXBuildFile; fileRef = C3663CCF2E2B9C063772EC25 /* Pods_findIt.framework */; };
		677CEE1326A62B72005D767F /* AppDelegate.swift in Sources */ = {isa = PBXBuildFile; fileRef = 677CEE1226A62B72005D767F /* AppDelegate.swift */; };
		677CEE1526A62B72005D767F /* SceneDelegate.swift in Sources */ = {isa = PBXBuildFile; fileRef = 677CEE1426A62B72005D767F /* SceneDelegate.swift */; };
		677CEE1726A62B72005D767F /* ViewController.swift in Sources */ = {isa = PBXBuildFile; fileRef = 677CEE1626A62B72005D767F /* ViewController.swift */; };
		677CEE1A26A62B72005D767F /* Main.storyboard in Resources */ = {isa = PBXBuildFile; fileRef = 677CEE1826A62B72005D767F /* Main.storyboard */; };
		677CEE1C26A62B76005D767F /* Assets.xcassets in Resources */ = {isa = PBXBuildFile; fileRef = 677CEE1B26A62B76005D767F /* Assets.xcassets */; };
		677CEE1F26A62B76005D767F /* LaunchScreen.storyboard in Resources */ = {isa = PBXBuildFile; fileRef = 677CEE1D26A62B76005D767F /* LaunchScreen.storyboard */; };
		67DB83FA26A7428100262D3B /* RestaurantFinder.swift in Sources */ = {isa = PBXBuildFile; fileRef = 67DB83F926A7428100262D3B /* RestaurantFinder.swift */; };
		820FABB326B1C7EF000472A8 /* RestaurantDetailViewController.swift in Sources */ = {isa = PBXBuildFile; fileRef = 820FABB226B1C7EF000472A8 /* RestaurantDetailViewController.swift */; };
		820FABB526B1CB4B000472A8 /* RestaurantSelectorViewController.swift in Sources */ = {isa = PBXBuildFile; fileRef = 820FABB426B1CB4B000472A8 /* RestaurantSelectorViewController.swift */; };
		820FABB726B1CB8D000472A8 /* CuisineTableTableViewController.swift in Sources */ = {isa = PBXBuildFile; fileRef = 820FABB626B1CB8D000472A8 /* CuisineTableTableViewController.swift */; };
		820FABB926B1D9B7000472A8 /* CustomSlider.swift in Sources */ = {isa = PBXBuildFile; fileRef = 820FABB826B1D9B7000472A8 /* CustomSlider.swift */; };
/* End PBXBuildFile section */

/* Begin PBXFileReference section */
		572E3389FA91131B1CBB2A37 /* Pods-findIt.release.xcconfig */ = {isa = PBXFileReference; includeInIndex = 1; lastKnownFileType = text.xcconfig; name = "Pods-findIt.release.xcconfig"; path = "Target Support Files/Pods-findIt/Pods-findIt.release.xcconfig"; sourceTree = "<group>"; };
		5B52159B53B80160F1EEF2CF /* Pods-findIt.debug.xcconfig */ = {isa = PBXFileReference; includeInIndex = 1; lastKnownFileType = text.xcconfig; name = "Pods-findIt.debug.xcconfig"; path = "Target Support Files/Pods-findIt/Pods-findIt.debug.xcconfig"; sourceTree = "<group>"; };
		677CEE0F26A62B72005D767F /* findIt.app */ = {isa = PBXFileReference; explicitFileType = wrapper.application; includeInIndex = 0; path = findIt.app; sourceTree = BUILT_PRODUCTS_DIR; };
		677CEE1226A62B72005D767F /* AppDelegate.swift */ = {isa = PBXFileReference; lastKnownFileType = sourcecode.swift; path = AppDelegate.swift; sourceTree = "<group>"; };
		677CEE1426A62B72005D767F /* SceneDelegate.swift */ = {isa = PBXFileReference; lastKnownFileType = sourcecode.swift; path = SceneDelegate.swift; sourceTree = "<group>"; };
		677CEE1626A62B72005D767F /* ViewController.swift */ = {isa = PBXFileReference; lastKnownFileType = sourcecode.swift; path = ViewController.swift; sourceTree = "<group>"; };
		677CEE1926A62B72005D767F /* Base */ = {isa = PBXFileReference; lastKnownFileType = file.storyboard; name = Base; path = Base.lproj/Main.storyboard; sourceTree = "<group>"; };
		677CEE1B26A62B76005D767F /* Assets.xcassets */ = {isa = PBXFileReference; lastKnownFileType = folder.assetcatalog; path = Assets.xcassets; sourceTree = "<group>"; };
		677CEE1E26A62B76005D767F /* Base */ = {isa = PBXFileReference; lastKnownFileType = file.storyboard; name = Base; path = Base.lproj/LaunchScreen.storyboard; sourceTree = "<group>"; };
		677CEE2026A62B76005D767F /* Info.plist */ = {isa = PBXFileReference; lastKnownFileType = text.plist.xml; path = Info.plist; sourceTree = "<group>"; };
		67DB83F926A7428100262D3B /* RestaurantFinder.swift */ = {isa = PBXFileReference; lastKnownFileType = sourcecode.swift; path = RestaurantFinder.swift; sourceTree = "<group>"; };
		820FABB226B1C7EF000472A8 /* RestaurantDetailViewController.swift */ = {isa = PBXFileReference; lastKnownFileType = sourcecode.swift; path = RestaurantDetailViewController.swift; sourceTree = "<group>"; };
		820FABB426B1CB4B000472A8 /* RestaurantSelectorViewController.swift */ = {isa = PBXFileReference; lastKnownFileType = sourcecode.swift; path = RestaurantSelectorViewController.swift; sourceTree = "<group>"; };
		820FABB626B1CB8D000472A8 /* CuisineTableTableViewController.swift */ = {isa = PBXFileReference; lastKnownFileType = sourcecode.swift; path = CuisineTableTableViewController.swift; sourceTree = "<group>"; };
		820FABB826B1D9B7000472A8 /* CustomSlider.swift */ = {isa = PBXFileReference; lastKnownFileType = sourcecode.swift; path = CustomSlider.swift; sourceTree = "<group>"; };
		C3663CCF2E2B9C063772EC25 /* Pods_findIt.framework */ = {isa = PBXFileReference; explicitFileType = wrapper.framework; includeInIndex = 0; path = Pods_findIt.framework; sourceTree = BUILT_PRODUCTS_DIR; };
/* End PBXFileReference section */

/* Begin PBXFrameworksBuildPhase section */
		677CEE0C26A62B72005D767F /* Frameworks */ = {
			isa = PBXFrameworksBuildPhase;
			buildActionMask = 2147483647;
			files = (
				5F7082B31DD44B85B09EB100 /* Pods_findIt.framework in Frameworks */,
			);
			runOnlyForDeploymentPostprocessing = 0;
		};
/* End PBXFrameworksBuildPhase section */

/* Begin PBXGroup section */
		677CEE0626A62B72005D767F = {
			isa = PBXGroup;
			children = (
				677CEE1126A62B72005D767F /* findIt */,
				677CEE1026A62B72005D767F /* Products */,
				E2E98841B6B0D0CD63803EA6 /* Pods */,
				CA571B1AEA179BCEDE81D9AA /* Frameworks */,
			);
			sourceTree = "<group>";
		};
		677CEE1026A62B72005D767F /* Products */ = {
			isa = PBXGroup;
			children = (
				677CEE0F26A62B72005D767F /* findIt.app */,
			);
			name = Products;
			sourceTree = "<group>";
		};
		677CEE1126A62B72005D767F /* findIt */ = {
			isa = PBXGroup;
			children = (
				677CEE1226A62B72005D767F /* AppDelegate.swift */,
				67DB83F926A7428100262D3B /* RestaurantFinder.swift */,
				677CEE1426A62B72005D767F /* SceneDelegate.swift */,
				677CEE1626A62B72005D767F /* ViewController.swift */,
				677CEE1826A62B72005D767F /* Main.storyboard */,
				820FABB826B1D9B7000472A8 /* CustomSlider.swift */,
				820FABB626B1CB8D000472A8 /* CuisineTableTableViewController.swift */,
				820FABB426B1CB4B000472A8 /* RestaurantSelectorViewController.swift */,
				820FABB226B1C7EF000472A8 /* RestaurantDetailViewController.swift */,
				677CEE1B26A62B76005D767F /* Assets.xcassets */,
				677CEE1D26A62B76005D767F /* LaunchScreen.storyboard */,
				677CEE2026A62B76005D767F /* Info.plist */,
			);
			path = findIt;
			sourceTree = "<group>";
		};
		CA571B1AEA179BCEDE81D9AA /* Frameworks */ = {
			isa = PBXGroup;
			children = (
				C3663CCF2E2B9C063772EC25 /* Pods_findIt.framework */,
			);
			name = Frameworks;
			sourceTree = "<group>";
		};
		E2E98841B6B0D0CD63803EA6 /* Pods */ = {
			isa = PBXGroup;
			children = (
				5B52159B53B80160F1EEF2CF /* Pods-findIt.debug.xcconfig */,
				572E3389FA91131B1CBB2A37 /* Pods-findIt.release.xcconfig */,
			);
			path = Pods;
			sourceTree = "<group>";
		};
/* End PBXGroup section */

/* Begin PBXNativeTarget section */
		677CEE0E26A62B72005D767F /* findIt */ = {
			isa = PBXNativeTarget;
			buildConfigurationList = 677CEE2326A62B76005D767F /* Build configuration list for PBXNativeTarget "findIt" */;
			buildPhases = (
				29A15BEBF92B9EC83FECC277 /* [CP] Check Pods Manifest.lock */,
				677CEE0B26A62B72005D767F /* Sources */,
				677CEE0C26A62B72005D767F /* Frameworks */,
				677CEE0D26A62B72005D767F /* Resources */,
				0E533B1D4144542E18CBC74C /* [CP] Embed Pods Frameworks */,
			);
			buildRules = (
			);
			dependencies = (
			);
			name = findIt;
			productName = findIt;
			productReference = 677CEE0F26A62B72005D767F /* findIt.app */;
			productType = "com.apple.product-type.application";
		};
/* End PBXNativeTarget section */

/* Begin PBXProject section */
		677CEE0726A62B72005D767F /* Project object */ = {
			isa = PBXProject;
			attributes = {
				LastSwiftUpdateCheck = 1250;
				LastUpgradeCheck = 1250;
				TargetAttributes = {
					677CEE0E26A62B72005D767F = {
						CreatedOnToolsVersion = 12.5.1;
					};
				};
			};
			buildConfigurationList = 677CEE0A26A62B72005D767F /* Build configuration list for PBXProject "findIt" */;
			compatibilityVersion = "Xcode 9.3";
			developmentRegion = en;
			hasScannedForEncodings = 0;
			knownRegions = (
				en,
				Base,
			);
			mainGroup = 677CEE0626A62B72005D767F;
			productRefGroup = 677CEE1026A62B72005D767F /* Products */;
			projectDirPath = "";
			projectRoot = "";
			targets = (
				677CEE0E26A62B72005D767F /* findIt */,
			);
		};
/* End PBXProject section */

/* Begin PBXResourcesBuildPhase section */
		677CEE0D26A62B72005D767F /* Resources */ = {
			isa = PBXResourcesBuildPhase;
			buildActionMask = 2147483647;
			files = (
				677CEE1F26A62B76005D767F /* LaunchScreen.storyboard in Resources */,
				677CEE1C26A62B76005D767F /* Assets.xcassets in Resources */,
				677CEE1A26A62B72005D767F /* Main.storyboard in Resources */,
			);
			runOnlyForDeploymentPostprocessing = 0;
		};
/* End PBXResourcesBuildPhase section */

/* Begin PBXShellScriptBuildPhase section */
		0E533B1D4144542E18CBC74C /* [CP] Embed Pods Frameworks */ = {
			isa = PBXShellScriptBuildPhase;
			buildActionMask = 2147483647;
			files = (
			);
			inputFileListPaths = (
				"${PODS_ROOT}/Target Support Files/Pods-findIt/Pods-findIt-frameworks-${CONFIGURATION}-input-files.xcfilelist",
			);
			name = "[CP] Embed Pods Frameworks";
			outputFileListPaths = (
				"${PODS_ROOT}/Target Support Files/Pods-findIt/Pods-findIt-frameworks-${CONFIGURATION}-output-files.xcfilelist",
			);
			runOnlyForDeploymentPostprocessing = 0;
			shellPath = /bin/sh;
			shellScript = "\"${PODS_ROOT}/Target Support Files/Pods-findIt/Pods-findIt-frameworks.sh\"\n";
			showEnvVarsInLog = 0;
		};
		29A15BEBF92B9EC83FECC277 /* [CP] Check Pods Manifest.lock */ = {
			isa = PBXShellScriptBuildPhase;
			buildActionMask = 2147483647;
			files = (
			);
			inputFileListPaths = (
			);
			inputPaths = (
				"${PODS_PODFILE_DIR_PATH}/Podfile.lock",
				"${PODS_ROOT}/Manifest.lock",
			);
			name = "[CP] Check Pods Manifest.lock";
			outputFileListPaths = (
			);
			outputPaths = (
				"$(DERIVED_FILE_DIR)/Pods-findIt-checkManifestLockResult.txt",
			);
			runOnlyForDeploymentPostprocessing = 0;
			shellPath = /bin/sh;
			shellScript = "diff \"${PODS_PODFILE_DIR_PATH}/Podfile.lock\" \"${PODS_ROOT}/Manifest.lock\" > /dev/null\nif [ $? != 0 ] ; then\n    # print error to STDERR\n    echo \"error: The sandbox is not in sync with the Podfile.lock. Run 'pod install' or update your CocoaPods installation.\" >&2\n    exit 1\nfi\n# This output is used by Xcode 'outputs' to avoid re-running this script phase.\necho \"SUCCESS\" > \"${SCRIPT_OUTPUT_FILE_0}\"\n";
			showEnvVarsInLog = 0;
		};
/* End PBXShellScriptBuildPhase section */

/* Begin PBXSourcesBuildPhase section */
		677CEE0B26A62B72005D767F /* Sources */ = {
			isa = PBXSourcesBuildPhase;
			buildActionMask = 2147483647;
			files = (
				820FABB526B1CB4B000472A8 /* RestaurantSelectorViewController.swift in Sources */,
				677CEE1726A62B72005D767F /* ViewController.swift in Sources */,
				67DB83FA26A7428100262D3B /* RestaurantFinder.swift in Sources */,
				820FABB926B1D9B7000472A8 /* CustomSlider.swift in Sources */,
				820FABB326B1C7EF000472A8 /* RestaurantDetailViewController.swift in Sources */,
				677CEE1326A62B72005D767F /* AppDelegate.swift in Sources */,
				677CEE1526A62B72005D767F /* SceneDelegate.swift in Sources */,
				820FABB726B1CB8D000472A8 /* CuisineTableTableViewController.swift in Sources */,
			);
			runOnlyForDeploymentPostprocessing = 0;
		};
/* End PBXSourcesBuildPhase section */

/* Begin PBXVariantGroup section */
		677CEE1826A62B72005D767F /* Main.storyboard */ = {
			isa = PBXVariantGroup;
			children = (
				677CEE1926A62B72005D767F /* Base */,
			);
			name = Main.storyboard;
			sourceTree = "<group>";
		};
		677CEE1D26A62B76005D767F /* LaunchScreen.storyboard */ = {
			isa = PBXVariantGroup;
			children = (
				677CEE1E26A62B76005D767F /* Base */,
			);
			name = LaunchScreen.storyboard;
			sourceTree = "<group>";
		};
/* End PBXVariantGroup section */

/* Begin XCBuildConfiguration section */
		677CEE2126A62B76005D767F /* Debug */ = {
			isa = XCBuildConfiguration;
			buildSettings = {
				ALWAYS_SEARCH_USER_PATHS = NO;
				CLANG_ANALYZER_NONNULL = YES;
				CLANG_ANALYZER_NUMBER_OBJECT_CONVERSION = YES_AGGRESSIVE;
				CLANG_CXX_LANGUAGE_STANDARD = "gnu++14";
				CLANG_CXX_LIBRARY = "libc++";
				CLANG_ENABLE_MODULES = YES;
				CLANG_ENABLE_OBJC_ARC = YES;
				CLANG_ENABLE_OBJC_WEAK = YES;
				CLANG_WARN_BLOCK_CAPTURE_AUTORELEASING = YES;
				CLANG_WARN_BOOL_CONVERSION = YES;
				CLANG_WARN_COMMA = YES;
				CLANG_WARN_CONSTANT_CONVERSION = YES;
				CLANG_WARN_DEPRECATED_OBJC_IMPLEMENTATIONS = YES;
				CLANG_WARN_DIRECT_OBJC_ISA_USAGE = YES_ERROR;
				CLANG_WARN_DOCUMENTATION_COMMENTS = YES;
				CLANG_WARN_EMPTY_BODY = YES;
				CLANG_WARN_ENUM_CONVERSION = YES;
				CLANG_WARN_INFINITE_RECURSION = YES;
				CLANG_WARN_INT_CONVERSION = YES;
				CLANG_WARN_NON_LITERAL_NULL_CONVERSION = YES;
				CLANG_WARN_OBJC_IMPLICIT_RETAIN_SELF = YES;
				CLANG_WARN_OBJC_LITERAL_CONVERSION = YES;
				CLANG_WARN_OBJC_ROOT_CLASS = YES_ERROR;
				CLANG_WARN_QUOTED_INCLUDE_IN_FRAMEWORK_HEADER = YES;
				CLANG_WARN_RANGE_LOOP_ANALYSIS = YES;
				CLANG_WARN_STRICT_PROTOTYPES = YES;
				CLANG_WARN_SUSPICIOUS_MOVE = YES;
				CLANG_WARN_UNGUARDED_AVAILABILITY = YES_AGGRESSIVE;
				CLANG_WARN_UNREACHABLE_CODE = YES;
				CLANG_WARN__DUPLICATE_METHOD_MATCH = YES;
				COPY_PHASE_STRIP = NO;
				DEBUG_INFORMATION_FORMAT = dwarf;
				ENABLE_STRICT_OBJC_MSGSEND = YES;
				ENABLE_TESTABILITY = YES;
				GCC_C_LANGUAGE_STANDARD = gnu11;
				GCC_DYNAMIC_NO_PIC = NO;
				GCC_NO_COMMON_BLOCKS = YES;
				GCC_OPTIMIZATION_LEVEL = 0;
				GCC_PREPROCESSOR_DEFINITIONS = (
					"DEBUG=1",
					"$(inherited)",
				);
				GCC_WARN_64_TO_32_BIT_CONVERSION = YES;
				GCC_WARN_ABOUT_RETURN_TYPE = YES_ERROR;
				GCC_WARN_UNDECLARED_SELECTOR = YES;
				GCC_WARN_UNINITIALIZED_AUTOS = YES_AGGRESSIVE;
				GCC_WARN_UNUSED_FUNCTION = YES;
				GCC_WARN_UNUSED_VARIABLE = YES;
				IPHONEOS_DEPLOYMENT_TARGET = 14.5;
				MTL_ENABLE_DEBUG_INFO = INCLUDE_SOURCE;
				MTL_FAST_MATH = YES;
				ONLY_ACTIVE_ARCH = YES;
				SDKROOT = iphoneos;
				SWIFT_ACTIVE_COMPILATION_CONDITIONS = DEBUG;
				SWIFT_OPTIMIZATION_LEVEL = "-Onone";
			};
			name = Debug;
		};
		677CEE2226A62B76005D767F /* Release */ = {
			isa = XCBuildConfiguration;
			buildSettings = {
				ALWAYS_SEARCH_USER_PATHS = NO;
				CLANG_ANALYZER_NONNULL = YES;
				CLANG_ANALYZER_NUMBER_OBJECT_CONVERSION = YES_AGGRESSIVE;
				CLANG_CXX_LANGUAGE_STANDARD = "gnu++14";
				CLANG_CXX_LIBRARY = "libc++";
				CLANG_ENABLE_MODULES = YES;
				CLANG_ENABLE_OBJC_ARC = YES;
				CLANG_ENABLE_OBJC_WEAK = YES;
				CLANG_WARN_BLOCK_CAPTURE_AUTORELEASING = YES;
				CLANG_WARN_BOOL_CONVERSION = YES;
				CLANG_WARN_COMMA = YES;
				CLANG_WARN_CONSTANT_CONVERSION = YES;
				CLANG_WARN_DEPRECATED_OBJC_IMPLEMENTATIONS = YES;
				CLANG_WARN_DIRECT_OBJC_ISA_USAGE = YES_ERROR;
				CLANG_WARN_DOCUMENTATION_COMMENTS = YES;
				CLANG_WARN_EMPTY_BODY = YES;
				CLANG_WARN_ENUM_CONVERSION = YES;
				CLANG_WARN_INFINITE_RECURSION = YES;
				CLANG_WARN_INT_CONVERSION = YES;
				CLANG_WARN_NON_LITERAL_NULL_CONVERSION = YES;
				CLANG_WARN_OBJC_IMPLICIT_RETAIN_SELF = YES;
				CLANG_WARN_OBJC_LITERAL_CONVERSION = YES;
				CLANG_WARN_OBJC_ROOT_CLASS = YES_ERROR;
				CLANG_WARN_QUOTED_INCLUDE_IN_FRAMEWORK_HEADER = YES;
				CLANG_WARN_RANGE_LOOP_ANALYSIS = YES;
				CLANG_WARN_STRICT_PROTOTYPES = YES;
				CLANG_WARN_SUSPICIOUS_MOVE = YES;
				CLANG_WARN_UNGUARDED_AVAILABILITY = YES_AGGRESSIVE;
				CLANG_WARN_UNREACHABLE_CODE = YES;
				CLANG_WARN__DUPLICATE_METHOD_MATCH = YES;
				COPY_PHASE_STRIP = NO;
				DEBUG_INFORMATION_FORMAT = "dwarf-with-dsym";
				ENABLE_NS_ASSERTIONS = NO;
				ENABLE_STRICT_OBJC_MSGSEND = YES;
				GCC_C_LANGUAGE_STANDARD = gnu11;
				GCC_NO_COMMON_BLOCKS = YES;
				GCC_WARN_64_TO_32_BIT_CONVERSION = YES;
				GCC_WARN_ABOUT_RETURN_TYPE = YES_ERROR;
				GCC_WARN_UNDECLARED_SELECTOR = YES;
				GCC_WARN_UNINITIALIZED_AUTOS = YES_AGGRESSIVE;
				GCC_WARN_UNUSED_FUNCTION = YES;
				GCC_WARN_UNUSED_VARIABLE = YES;
				IPHONEOS_DEPLOYMENT_TARGET = 14.5;
				MTL_ENABLE_DEBUG_INFO = NO;
				MTL_FAST_MATH = YES;
				SDKROOT = iphoneos;
				SWIFT_COMPILATION_MODE = wholemodule;
				SWIFT_OPTIMIZATION_LEVEL = "-O";
				VALIDATE_PRODUCT = YES;
			};
			name = Release;
		};
		677CEE2426A62B76005D767F /* Debug */ = {
			isa = XCBuildConfiguration;
			baseConfigurationReference = 5B52159B53B80160F1EEF2CF /* Pods-findIt.debug.xcconfig */;
			buildSettings = {
				ASSETCATALOG_COMPILER_APPICON_NAME = AppIcon;
				ASSETCATALOG_COMPILER_GLOBAL_ACCENT_COLOR_NAME = AccentColor;
				CODE_SIGN_STYLE = Automatic;
				INFOPLIST_FILE = findIt/Info.plist;
				LD_RUNPATH_SEARCH_PATHS = (
					"$(inherited)",
					"@executable_path/Frameworks",
				);
				PRODUCT_BUNDLE_IDENTIFIER = RaulMartinezLuna.findIt;
				PRODUCT_NAME = "$(TARGET_NAME)";
				SWIFT_VERSION = 5.0;
				TARGETED_DEVICE_FAMILY = "1,2";
			};
			name = Debug;
		};
		677CEE2526A62B76005D767F /* Release */ = {
			isa = XCBuildConfiguration;
			baseConfigurationReference = 572E3389FA91131B1CBB2A37 /* Pods-findIt.release.xcconfig */;
			buildSettings = {
				ASSETCATALOG_COMPILER_APPICON_NAME = AppIcon;
				ASSETCATALOG_COMPILER_GLOBAL_ACCENT_COLOR_NAME = AccentColor;
				CODE_SIGN_STYLE = Automatic;
				INFOPLIST_FILE = findIt/Info.plist;
				LD_RUNPATH_SEARCH_PATHS = (
					"$(inherited)",
					"@executable_path/Frameworks",
				);
				PRODUCT_BUNDLE_IDENTIFIER = RaulMartinezLuna.findIt;
				PRODUCT_NAME = "$(TARGET_NAME)";
				SWIFT_VERSION = 5.0;
				TARGETED_DEVICE_FAMILY = "1,2";
			};
			name = Release;
		};
/* End XCBuildConfiguration section */

/* Begin XCConfigurationList section */
		677CEE0A26A62B72005D767F /* Build configuration list for PBXProject "findIt" */ = {
			isa = XCConfigurationList;
			buildConfigurations = (
				677CEE2126A62B76005D767F /* Debug */,
				677CEE2226A62B76005D767F /* Release */,
			);
			defaultConfigurationIsVisible = 0;
			defaultConfigurationName = Release;
		};
		677CEE2326A62B76005D767F /* Build configuration list for PBXNativeTarget "findIt" */ = {
			isa = XCConfigurationList;
			buildConfigurations = (
				677CEE2426A62B76005D767F /* Debug */,
				677CEE2526A62B76005D767F /* Release */,
			);
			defaultConfigurationIsVisible = 0;
			defaultConfigurationName = Release;
		};
/* End XCConfigurationList section */
	};
	rootObject = 677CEE0726A62B72005D767F /* Project object */;
}
